
Microsoft Visual Studio Solution File, Format Version 12.00
# Visual Studio Version 16
VisualStudioVersion = 16.0.29324.140
MinimumVisualStudioVersion = 10.0.40219.1
Project("{8BC9CEB8-8B4A-11D0-8D11-00A0C91BC942}") = "Manager", "Manager\Manager.vcxproj", "{275D24D6-32FD-4648-B3F7-D41CB6730408}"
EndProject
Global
	GlobalSection(SolutionConfigurationPlatforms) = preSolution
		Debug|x64 = Debug|x64
		Debug|x86 = Debug|x86
		Release|x64 = Release|x64
		Release|x86 = Release|x86
	EndGlobalSection
	GlobalSection(ProjectConfigurationPlatforms) = postSolution
		{275D24D6-32FD-4648-B3F7-D41CB6730408}.Debug|x64.ActiveCfg = Debug|x64
		{275D24D6-32FD-4648-B3F7-D41CB6730408}.Debug|x64.Build.0 = Debug|x64
		{275D24D6-32FD-4648-B3F7-D41CB6730408}.Debug|x86.ActiveCfg = Debug|Win32
		{275D24D6-32FD-4648-B3F7-D41CB6730408}.Debug|x86.Build.0 = Debug|Win32
		{275D24D6-32FD-4648-B3F7-D41CB6730408}.Release|x64.ActiveCfg = Release|x64
		{275D24D6-32FD-4648-B3F7-D41CB6730408}.Release|x64.Build.0 = Release|x64
		{275D24D6-32FD-4648-B3F7-D41CB6730408}.Release|x86.ActiveCfg = Release|Win32
		{275D24D6-32FD-4648-B3F7-D41CB6730408}.Release|x86.Build.0 = Release|Win32
	EndGlobalSection
	GlobalSection(SolutionProperties) = preSolution
		HideSolutionNode = FALSE
	EndGlobalSection
	GlobalSection(ExtensibilityGlobals) = postSolution
		SolutionGuid = {F10E4CBB-B6FB-4191-A7C5-FABA69975B4E}
	EndGlobalSection
EndGlobal
